
Microsoft Visual Studio Solution File, Format Version 12.00
# Visual Studio Version 16
VisualStudioVersion = 16.0.30907.101
MinimumVisualStudioVersion = 10.0.40219.1
Project("{FAE04EC0-301F-11D3-BF4B-00C04F79EFBC}") = "OgrenciKayit", "OgrenciKayit\OgrenciKayit.csproj", "{7065EE66-640F-47B5-B162-58BBA3811EFF}"
EndProject
Global
	GlobalSection(SolutionConfigurationPlatforms) = preSolution
		Debug|Any CPU = Debug|Any CPU
		Release|Any CPU = Release|Any CPU
	EndGlobalSection
	GlobalSection(ProjectConfigurationPlatforms) = postSolution
		{7065EE66-640F-47B5-B162-58BBA3811EFF}.Debug|Any CPU.ActiveCfg = Debug|Any CPU
		{7065EE66-640F-47B5-B162-58BBA3811EFF}.Debug|Any CPU.Build.0 = Debug|Any CPU
		{7065EE66-640F-47B5-B162-58BBA3811EFF}.Release|Any CPU.ActiveCfg = Release|Any CPU
		{7065EE66-640F-47B5-B162-58BBA3811EFF}.Release|Any CPU.Build.0 = Release|Any CPU
	EndGlobalSection
	GlobalSection(SolutionProperties) = preSolution
		HideSolutionNode = FALSE
	EndGlobalSection
	GlobalSection(ExtensibilityGlobals) = postSolution
		SolutionGuid = {5A85D797-4399-4FF7-9694-E5D2B2E194E9}
	EndGlobalSection
EndGlobal
